Microsoft Visual Studio Solution File, Format Version 12.00
# Visual Studio Version 17
VisualStudioVersion = 17.0.31903.59
MinimumVisualStudioVersion = 10.0.40219.1

Project("{9A19103F-16F7-4668-BE54-9A1E7A4F7556}") = "FoodDash.Shared", "src\FoodDash.Shared\FoodDash.Shared.csproj", "{A1B2C3D4-E5F6-7890-ABCD-123456789ABC}"
EndProject

Project("{9A19103F-16F7-4668-BE54-9A1E7A4F7556}") = "FoodDash.Database", "src\FoodDash.Database\FoodDash.Database.csproj", "{B2C3D4E5-F6A7-8901-BCDE-23456789ABCD}"
EndProject

Project("{9A19103F-16F7-4668-BE54-9A1E7A4F7556}") = "FoodDash.API", "src\FoodDash.API\FoodDash.API.csproj", "{C3D4E5F6-A7B8-9012-CDEF-3456789ABCDE}"
EndProject

# Web Portals
Project("{2150E333-8FDC-42A3-9474-1A3956D46DE8}") = "WebPortals", "WebPortals", "{11111111-1111-1111-1111-111111111111}"
EndProject

Project("{9A19103F-16F7-4668-BE54-9A1E7A4F7556}") = "FoodDash.AdminPortal", "src\WebPortals\FoodDash.AdminPortal\FoodDash.AdminPortal.csproj", "{22222222-2222-2222-2222-222222222222}"
EndProject

Project("{9A19103F-16F7-4668-BE54-9A1E7A4F7556}") = "FoodDash.RestaurantPortal", "src\WebPortals\FoodDash.RestaurantPortal\FoodDash.RestaurantPortal.csproj", "{33333333-3333-3333-3333-333333333333}"
EndProject

Project("{9A19103F-16F7-4668-BE54-9A1E7A4F7556}") = "FoodDash.CustomerPortal", "src\WebPortals\FoodDash.CustomerPortal\FoodDash.CustomerPortal.csproj", "{44444444-4444-4444-4444-444444444444}"
EndProject

# Mobile Apps
Project("{2150E333-8FDC-42A3-9474-1A3956D46DE8}") = "MobileApps", "MobileApps", "{55555555-5555-5555-5555-555555555555}"
EndProject

Project("{9A19103F-16F7-4668-BE54-9A1E7A4F7556}") = "FoodDash.CustomerApp", "src\MobileApps\FoodDash.CustomerApp\FoodDash.CustomerApp.csproj", "{66666666-6666-6666-6666-666666666666}"
EndProject

Project("{9A19103F-16F7-4668-BE54-9A1E7A4F7556}") = "FoodDash.DeliveryApp", "src\MobileApps\FoodDash.DeliveryApp\FoodDash.DeliveryApp.csproj", "{77777777-7777-7777-7777-777777777777}"
EndProject

Project("{9A19103F-16F7-4668-BE54-9A1E7A4F7556}") = "FoodDash.RestaurantApp", "src\MobileApps\FoodDash.RestaurantApp\FoodDash.RestaurantApp.csproj", "{88888888-8888-8888-8888-888888888888}"
EndProject

# gRPC Services
Project("{2150E333-8FDC-42A3-9474-1A3956D46DE8}") = "GrpcServices", "GrpcServices", "{99999999-9999-9999-9999-999999999999}"
EndProject

Project("{9A19103F-16F7-4668-BE54-9A1E7A4F7556}") = "FoodDash.AuthService", "src\GrpcServices\FoodDash.AuthService\FoodDash.AuthService.csproj", "{AAAAAAAA-AAAA-AAAA-AAAA-AAAAAAAAAAAA}"
EndProject

Project("{9A19103F-16F7-4668-BE54-9A1E7A4F7556}") = "FoodDash.RestaurantService", "src\GrpcServices\FoodDash.RestaurantService\FoodDash.RestaurantService.csproj", "{BBBBBBBB-BBBB-BBBB-BBBB-BBBBBBBBBBBB}"
EndProject

Project("{9A19103F-16F7-4668-BE54-9A1E7A4F7556}") = "FoodDash.MenuService", "src\GrpcServices\FoodDash.MenuService\FoodDash.MenuService.csproj", "{CCCCCCCC-CCCC-CCCC-CCCC-CCCCCCCCCCCC}"
EndProject

Project("{2150E333-8FDC-42A3-9474-1A3956D46DE8}") = "Tests", "Tests", "{F6A7B8C9-D0E1-2345-FABC-6789ABCDEF01}"
EndProject

Project("{9A19103F-16F7-4668-BE54-9A1E7A4F7556}") = "FoodDash.API.Tests", "tests\FoodDash.API.Tests\FoodDash.API.Tests.csproj", "{A7B8C9D0-E1F2-3456-ABCD-789ABCDEF012}"
EndProject

Project("{9A19103F-16F7-4668-BE54-9A1E7A4F7556}") = "FoodDash.WebApp.Tests", "tests\FoodDash.WebApp.Tests\FoodDash.WebApp.Tests.csproj", "{B8C9D0E1-F2A3-4567-BCDE-89ABCDEF0123}"
EndProject

Project("{2150E333-8FDC-42A3-9474-1A3956D46DE8}") = "Microservices", "Microservices", "{C9D0E1F2-A3B4-5678-CDEF-9ABCDEF01234}"
EndProject

Project("{9A19103F-16F7-4668-BE54-9A1E7A4F7556}") = "FoodDash.OrderService", "src\Microservices\FoodDash.OrderService\FoodDash.OrderService.csproj", "{D0E1F2A3-B4C5-6789-DEFA-ABCDEF012345}"
EndProject

Project("{9A19103F-16F7-4668-BE54-9A1E7A4F7556}") = "FoodDash.PaymentService", "src\Microservices\FoodDash.PaymentService\FoodDash.PaymentService.csproj", "{E1F2A3B4-C5D6-789A-EFAB-BCDEF0123456}"
EndProject

Project("{9A19103F-16F7-4668-BE54-9A1E7A4F7556}") = "FoodDash.NotificationService", "src\Microservices\FoodDash.NotificationService\FoodDash.NotificationService.csproj", "{F2A3B4C5-D6E7-89AB-FABC-CDEF01234567}"
EndProject

Global
	GlobalSection(SolutionConfigurationPlatforms) = preSolution
		Debug|Any CPU = Debug|Any CPU
		Release|Any CPU = Release|Any CPU
	EndGlobalSection
	GlobalSection(ProjectConfigurationPlatforms) = postSolution
		{A1B2C3D4-E5F6-7890-ABCD-123456789ABC}.Debug|Any CPU.ActiveCfg = Debug|Any CPU
		{A1B2C3D4-E5F6-7890-ABCD-123456789ABC}.Debug|Any CPU.Build.0 = Debug|Any CPU
		{A1B2C3D4-E5F6-7890-ABCD-123456789ABC}.Release|Any CPU.ActiveCfg = Release|Any CPU
		{A1B2C3D4-E5F6-7890-ABCD-123456789ABC}.Release|Any CPU.Build.0 = Release|Any CPU
		{B2C3D4E5-F6A7-8901-BCDE-23456789ABCD}.Debug|Any CPU.ActiveCfg = Debug|Any CPU
		{B2C3D4E5-F6A7-8901-BCDE-23456789ABCD}.Debug|Any CPU.Build.0 = Debug|Any CPU
		{B2C3D4E5-F6A7-8901-BCDE-23456789ABCD}.Release|Any CPU.ActiveCfg = Release|Any CPU
		{B2C3D4E5-F6A7-8901-BCDE-23456789ABCD}.Release|Any CPU.Build.0 = Release|Any CPU
		{C3D4E5F6-A7B8-9012-CDEF-3456789ABCDE}.Debug|Any CPU.ActiveCfg = Debug|Any CPU
		{C3D4E5F6-A7B8-9012-CDEF-3456789ABCDE}.Debug|Any CPU.Build.0 = Debug|Any CPU
		{C3D4E5F6-A7B8-9012-CDEF-3456789ABCDE}.Release|Any CPU.ActiveCfg = Release|Any CPU
		{C3D4E5F6-A7B8-9012-CDEF-3456789ABCDE}.Release|Any CPU.Build.0 = Release|Any CPU
		{22222222-2222-2222-2222-222222222222}.Debug|Any CPU.ActiveCfg = Debug|Any CPU
		{22222222-2222-2222-2222-222222222222}.Debug|Any CPU.Build.0 = Debug|Any CPU
		{22222222-2222-2222-2222-222222222222}.Release|Any CPU.ActiveCfg = Release|Any CPU
		{22222222-2222-2222-2222-222222222222}.Release|Any CPU.Build.0 = Release|Any CPU
		{33333333-3333-3333-3333-333333333333}.Debug|Any CPU.ActiveCfg = Debug|Any CPU
		{33333333-3333-3333-3333-333333333333}.Debug|Any CPU.Build.0 = Debug|Any CPU
		{33333333-3333-3333-3333-333333333333}.Release|Any CPU.ActiveCfg = Release|Any CPU
		{33333333-3333-3333-3333-333333333333}.Release|Any CPU.Build.0 = Release|Any CPU
		{44444444-4444-4444-4444-444444444444}.Debug|Any CPU.ActiveCfg = Debug|Any CPU
		{44444444-4444-4444-4444-444444444444}.Debug|Any CPU.Build.0 = Debug|Any CPU
		{44444444-4444-4444-4444-444444444444}.Release|Any CPU.ActiveCfg = Release|Any CPU
		{44444444-4444-4444-4444-444444444444}.Release|Any CPU.Build.0 = Release|Any CPU
		{66666666-6666-6666-6666-666666666666}.Debug|Any CPU.ActiveCfg = Debug|Any CPU
		{66666666-6666-6666-6666-666666666666}.Debug|Any CPU.Build.0 = Debug|Any CPU
		{66666666-6666-6666-6666-666666666666}.Release|Any CPU.ActiveCfg = Release|Any CPU
		{66666666-6666-6666-6666-666666666666}.Release|Any CPU.Build.0 = Release|Any CPU
		{77777777-7777-7777-7777-777777777777}.Debug|Any CPU.ActiveCfg = Debug|Any CPU
		{77777777-7777-7777-7777-777777777777}.Debug|Any CPU.Build.0 = Debug|Any CPU
		{77777777-7777-7777-7777-777777777777}.Release|Any CPU.ActiveCfg = Release|Any CPU
		{77777777-7777-7777-7777-777777777777}.Release|Any CPU.Build.0 = Release|Any CPU
		{88888888-8888-8888-8888-888888888888}.Debug|Any CPU.ActiveCfg = Debug|Any CPU
		{88888888-8888-8888-8888-888888888888}.Debug|Any CPU.Build.0 = Debug|Any CPU
		{88888888-8888-8888-8888-888888888888}.Release|Any CPU.ActiveCfg = Release|Any CPU
		{88888888-8888-8888-8888-888888888888}.Release|Any CPU.Build.0 = Release|Any CPU
		{AAAAAAAA-AAAA-AAAA-AAAA-AAAAAAAAAAAA}.Debug|Any CPU.ActiveCfg = Debug|Any CPU
		{AAAAAAAA-AAAA-AAAA-AAAA-AAAAAAAAAAAA}.Debug|Any CPU.Build.0 = Debug|Any CPU
		{AAAAAAAA-AAAA-AAAA-AAAA-AAAAAAAAAAAA}.Release|Any CPU.ActiveCfg = Release|Any CPU
		{AAAAAAAA-AAAA-AAAA-AAAA-AAAAAAAAAAAA}.Release|Any CPU.Build.0 = Release|Any CPU
		{BBBBBBBB-BBBB-BBBB-BBBB-BBBBBBBBBBBB}.Debug|Any CPU.ActiveCfg = Debug|Any CPU
		{BBBBBBBB-BBBB-BBBB-BBBB-BBBBBBBBBBBB}.Debug|Any CPU.Build.0 = Debug|Any CPU
		{BBBBBBBB-BBBB-BBBB-BBBB-BBBBBBBBBBBB}.Release|Any CPU.ActiveCfg = Release|Any CPU
		{BBBBBBBB-BBBB-BBBB-BBBB-BBBBBBBBBBBB}.Release|Any CPU.Build.0 = Release|Any CPU
		{CCCCCCCC-CCCC-CCCC-CCCC-CCCCCCCCCCCC}.Debug|Any CPU.ActiveCfg = Debug|Any CPU
		{CCCCCCCC-CCCC-CCCC-CCCC-CCCCCCCCCCCC}.Debug|Any CPU.Build.0 = Debug|Any CPU
		{CCCCCCCC-CCCC-CCCC-CCCC-CCCCCCCCCCCC}.Release|Any CPU.ActiveCfg = Release|Any CPU
		{CCCCCCCC-CCCC-CCCC-CCCC-CCCCCCCCCCCC}.Release|Any CPU.Build.0 = Release|Any CPU
		{A7B8C9D0-E1F2-3456-ABCD-789ABCDEF012}.Debug|Any CPU.ActiveCfg = Debug|Any CPU
		{A7B8C9D0-E1F2-3456-ABCD-789ABCDEF012}.Debug|Any CPU.Build.0 = Debug|Any CPU
		{A7B8C9D0-E1F2-3456-ABCD-789ABCDEF012}.Release|Any CPU.ActiveCfg = Release|Any CPU
		{A7B8C9D0-E1F2-3456-ABCD-789ABCDEF012}.Release|Any CPU.Build.0 = Release|Any CPU
		{B8C9D0E1-F2A3-4567-BCDE-89ABCDEF0123}.Debug|Any CPU.ActiveCfg = Debug|Any CPU
		{B8C9D0E1-F2A3-4567-BCDE-89ABCDEF0123}.Debug|Any CPU.Build.0 = Debug|Any CPU
		{B8C9D0E1-F2A3-4567-BCDE-89ABCDEF0123}.Release|Any CPU.ActiveCfg = Release|Any CPU
		{B8C9D0E1-F2A3-4567-BCDE-89ABCDEF0123}.Release|Any CPU.Build.0 = Release|Any CPU
		{D0E1F2A3-B4C5-6789-DEFA-ABCDEF012345}.Debug|Any CPU.ActiveCfg = Debug|Any CPU
		{D0E1F2A3-B4C5-6789-DEFA-ABCDEF012345}.Debug|Any CPU.Build.0 = Debug|Any CPU
		{D0E1F2A3-B4C5-6789-DEFA-ABCDEF012345}.Release|Any CPU.ActiveCfg = Release|Any CPU
		{D0E1F2A3-B4C5-6789-DEFA-ABCDEF012345}.Release|Any CPU.Build.0 = Release|Any CPU
		{E1F2A3B4-C5D6-789A-EFAB-BCDEF0123456}.Debug|Any CPU.ActiveCfg = Debug|Any CPU
		{E1F2A3B4-C5D6-789A-EFAB-BCDEF0123456}.Debug|Any CPU.Build.0 = Debug|Any CPU
		{E1F2A3B4-C5D6-789A-EFAB-BCDEF0123456}.Release|Any CPU.ActiveCfg = Release|Any CPU
		{E1F2A3B4-C5D6-789A-EFAB-BCDEF0123456}.Release|Any CPU.Build.0 = Release|Any CPU
		{F2A3B4C5-D6E7-89AB-FABC-CDEF01234567}.Debug|Any CPU.ActiveCfg = Debug|Any CPU
		{F2A3B4C5-D6E7-89AB-FABC-CDEF01234567}.Debug|Any CPU.Build.0 = Debug|Any CPU
		{F2A3B4C5-D6E7-89AB-FABC-CDEF01234567}.Release|Any CPU.ActiveCfg = Release|Any CPU
		{F2A3B4C5-D6E7-89AB-FABC-CDEF01234567}.Release|Any CPU.Build.0 = Release|Any CPU
	EndGlobalSection
	GlobalSection(SolutionProperties) = preSolution
		HideSolutionNode = FALSE
	EndGlobalSection
	GlobalSection(NestedProjects) = preSolution
		{22222222-2222-2222-2222-222222222222} = {11111111-1111-1111-1111-111111111111}
		{33333333-3333-3333-3333-333333333333} = {11111111-1111-1111-1111-111111111111}
		{44444444-4444-4444-4444-444444444444} = {11111111-1111-1111-1111-111111111111}
		{66666666-6666-6666-6666-666666666666} = {55555555-5555-5555-5555-555555555555}
		{77777777-7777-7777-7777-777777777777} = {55555555-5555-5555-5555-555555555555}
		{88888888-8888-8888-8888-888888888888} = {55555555-5555-5555-5555-555555555555}
		{AAAAAAAA-AAAA-AAAA-AAAA-AAAAAAAAAAAA} = {99999999-9999-9999-9999-999999999999}
		{BBBBBBBB-BBBB-BBBB-BBBB-BBBBBBBBBBBB} = {99999999-9999-9999-9999-999999999999}
		{CCCCCCCC-CCCC-CCCC-CCCC-CCCCCCCCCCCC} = {99999999-9999-9999-9999-999999999999}
		{A7B8C9D0-E1F2-3456-ABCD-789ABCDEF012} = {F6A7B8C9-D0E1-2345-FABC-6789ABCDEF01}
		{B8C9D0E1-F2A3-4567-BCDE-89ABCDEF0123} = {F6A7B8C9-D0E1-2345-FABC-6789ABCDEF01}
		{D0E1F2A3-B4C5-6789-DEFA-ABCDEF012345} = {C9D0E1F2-A3B4-5678-CDEF-9ABCDEF01234}
		{E1F2A3B4-C5D6-789A-EFAB-BCDEF0123456} = {C9D0E1F2-A3B4-5678-CDEF-9ABCDEF01234}
		{F2A3B4C5-D6E7-89AB-FABC-CDEF01234567} = {C9D0E1F2-A3B4-5678-CDEF-9ABCDEF01234}
	EndGlobalSection
	GlobalSection(ExtensibilityGlobals) = postSolution
		SolutionGuid = {12345678-1234-5678-9ABC-123456789ABC}
	EndGlobalSection
EndGlobal